
Microsoft Visual Studio Solution File, Format Version 12.00
# Visual Studio Version 17
VisualStudioVersion = 17.5.33627.172
MinimumVisualStudioVersion = 10.0.40219.1
Project("{FAE04EC0-301F-11D3-BF4B-00C04F79EFBC}") = "SDK_PatronsConceptions_Factory", "SDK_PatronsConceptions\SDK_PatronsConceptions_Factory.csproj", "{C8F16FE4-34DC-45EC-98BD-912D1FD2E35A}"
EndProject
Project("{FAE04EC0-301F-11D3-BF4B-00C04F79EFBC}") = "SDK_PatronsConceptions_AbstractFactory", "SDK_PatronsConceptions_AbstractFactory\SDK_PatronsConceptions_AbstractFactory.csproj", "{509D407A-B337-44E0-95AB-ED23B4703728}"
EndProject
Project("{FAE04EC0-301F-11D3-BF4B-00C04F79EFBC}") = "SDK_PatronsConceptions_Builder", "SDK_PatronsConceptions_Builder\SDK_PatronsConceptions_Builder.csproj", "{BBC03D3C-7A9E-492B-BECF-CD90912EE329}"
EndProject
Project("{FAE04EC0-301F-11D3-BF4B-00C04F79EFBC}") = "SDK_PatronsConceptions_Prototype", "SDK_PatronsConceptions_Prototype\SDK_PatronsConceptions_Prototype.csproj", "{55AFBCB6-97FB-4966-9258-50371903F3BF}"
EndProject
Project("{FAE04EC0-301F-11D3-BF4B-00C04F79EFBC}") = "SDK_PatronsConceptions_Singleton", "SDK_PatronsConceptions_Singleton\SDK_PatronsConceptions_Singleton.csproj", "{3BA21569-1DA3-41BA-AF87-D7D849917D4F}"
EndProject
Project("{FAE04EC0-301F-11D3-BF4B-00C04F79EFBC}") = "SDK_PatronsConceptions_Adapter", "SDK_PatronsConceptions_Adapter\SDK_PatronsConceptions_Adapter.csproj", "{A0DB1403-4246-4FE9-BBE3-FBBA8D7709FF}"
EndProject
Project("{FAE04EC0-301F-11D3-BF4B-00C04F79EFBC}") = "SDK_PatronsConceptions_Bridge", "SDK_PatronsConceptions_Bridge\SDK_PatronsConceptions_Bridge.csproj", "{78D8A1DF-71DC-42BA-866F-A513A641B307}"
EndProject
Project("{FAE04EC0-301F-11D3-BF4B-00C04F79EFBC}") = "SDK_PatronsConceptions_Composite", "SDK_PatronsConceptions_Composite\SDK_PatronsConceptions_Composite.csproj", "{C4F45396-9A0A-48DB-8980-0991500EB75B}"
EndProject
Project("{FAE04EC0-301F-11D3-BF4B-00C04F79EFBC}") = "SDK_PatronsConceptions_Decorator", "SDK_PatronsConceptions_Decorator\SDK_PatronsConceptions_Decorator.csproj", "{6FC700C2-7CCA-4108-929E-8D46296FA0BE}"
EndProject
Project("{FAE04EC0-301F-11D3-BF4B-00C04F79EFBC}") = "SDK_PatronsConceptions_Facade", "SDK_PatronsConceptions_Facade\SDK_PatronsConceptions_Facade.csproj", "{41BA9882-2397-47BC-94B7-A38DAE7AC223}"
EndProject
Project("{FAE04EC0-301F-11D3-BF4B-00C04F79EFBC}") = "SDK_PatronsConceptions_Flyweight", "SDK_PatronsConceptions_Flyweight\SDK_PatronsConceptions_Flyweight.csproj", "{22695CA8-5172-4105-821E-9ADD77C3C376}"
EndProject
Project("{FAE04EC0-301F-11D3-BF4B-00C04F79EFBC}") = "SDK_PatronsConceptions_Proxy", "SDK_PatronsConceptions_Proxy\SDK_PatronsConceptions_Proxy.csproj", "{74B790B6-EA9A-43E5-8F35-5786DD03CD79}"
EndProject
Project("{2150E333-8FDC-42A3-9474-1A3956D46DE8}") = "Creational", "Creational", "{071AFE76-6A5A-4E62-8EC3-C44BCF66A001}"
EndProject
Project("{2150E333-8FDC-42A3-9474-1A3956D46DE8}") = "Structural", "Structural", "{251DC7F1-D34A-44A5-AD6C-721D51E4E6DC}"
EndProject
Project("{2150E333-8FDC-42A3-9474-1A3956D46DE8}") = "Behavioral", "Behavioral", "{3FEFD818-82FE-449C-8889-9623A9AE9A2B}"
EndProject
Project("{FAE04EC0-301F-11D3-BF4B-00C04F79EFBC}") = "SDK_PatronsConceptions_ChainOfResponsability", "SDK_PatronsConceptions_ChainOfResponsability\SDK_PatronsConceptions_ChainOfResponsability.csproj", "{86902DB0-A4B8-493B-8EB9-B47998CEB26C}"
EndProject
Project("{FAE04EC0-301F-11D3-BF4B-00C04F79EFBC}") = "SDK_PatronsConceptions_Command", "SDK_PatronsConceptions_Command\SDK_PatronsConceptions_Command.csproj", "{57A7953D-07F9-4081-880E-71706A38B0F6}"
EndProject
Project("{FAE04EC0-301F-11D3-BF4B-00C04F79EFBC}") = "SDK_PatronsConceptions_Iterator", "SDK_PatronsConceptions_Iterator\SDK_PatronsConceptions_Iterator.csproj", "{27DE033D-0C10-46BA-A839-59D31156E43F}"
EndProject
Project("{FAE04EC0-301F-11D3-BF4B-00C04F79EFBC}") = "SDK_PatronsConceptions_Mediator", "SDK_PatronsConceptions_Mediator\SDK_PatronsConceptions_Mediator.csproj", "{EDDC346C-FD89-42DC-A3CF-F64855EB29E2}"
EndProject
Project("{FAE04EC0-301F-11D3-BF4B-00C04F79EFBC}") = "SDK_PatronsConceptions_Memento", "SDK_PatronsConceptions_Memento\SDK_PatronsConceptions_Memento.csproj", "{D93B7FE4-A4A6-4439-AC40-3DA08B8B4CC3}"
EndProject
Project("{FAE04EC0-301F-11D3-BF4B-00C04F79EFBC}") = "SDK_PatronsConceptions_Observer", "SDK_PatronsConceptions_Observer\SDK_PatronsConceptions_Observer.csproj", "{1CF8A018-6904-43A1-A9D3-31FFBEED6D7F}"
EndProject
Project("{FAE04EC0-301F-11D3-BF4B-00C04F79EFBC}") = "SDK_PatronsConceptions_State", "SDK_PatronsConceptions_State\SDK_PatronsConceptions_State.csproj", "{320B1378-6BEC-426B-B95F-769425164ED3}"
EndProject
Project("{FAE04EC0-301F-11D3-BF4B-00C04F79EFBC}") = "SDK_PatronsConceptions_Strategy", "SDK_PatronsConceptions_Strategy\SDK_PatronsConceptions_Strategy.csproj", "{0D65999D-38BC-41AE-A8C6-606BE1CCD03E}"
EndProject
Project("{FAE04EC0-301F-11D3-BF4B-00C04F79EFBC}") = "SDK_PatronsConceptions_TemplateMethod", "SDK_PatronsConceptions_TemplateMethod\SDK_PatronsConceptions_TemplateMethod.csproj", "{51DC8139-79A8-477E-8D2A-D29904436121}"
EndProject
Project("{FAE04EC0-301F-11D3-BF4B-00C04F79EFBC}") = "SDK_PatronsConceptions_Visitor", "SDK_PatronsConceptions_Visitor\SDK_PatronsConceptions_Visitor.csproj", "{DB4D327A-5E63-4E46-BF2A-737865AF05B3}"
EndProject
Global
	GlobalSection(SolutionConfigurationPlatforms) = preSolution
		Debug|Any CPU = Debug|Any CPU
		Release|Any CPU = Release|Any CPU
	EndGlobalSection
	GlobalSection(ProjectConfigurationPlatforms) = postSolution
		{C8F16FE4-34DC-45EC-98BD-912D1FD2E35A}.Debug|Any CPU.ActiveCfg = Debug|Any CPU
		{C8F16FE4-34DC-45EC-98BD-912D1FD2E35A}.Debug|Any CPU.Build.0 = Debug|Any CPU
		{C8F16FE4-34DC-45EC-98BD-912D1FD2E35A}.Release|Any CPU.ActiveCfg = Release|Any CPU
		{C8F16FE4-34DC-45EC-98BD-912D1FD2E35A}.Release|Any CPU.Build.0 = Release|Any CPU
		{509D407A-B337-44E0-95AB-ED23B4703728}.Debug|Any CPU.ActiveCfg = Debug|Any CPU
		{509D407A-B337-44E0-95AB-ED23B4703728}.Debug|Any CPU.Build.0 = Debug|Any CPU
		{509D407A-B337-44E0-95AB-ED23B4703728}.Release|Any CPU.ActiveCfg = Release|Any CPU
		{509D407A-B337-44E0-95AB-ED23B4703728}.Release|Any CPU.Build.0 = Release|Any CPU
		{BBC03D3C-7A9E-492B-BECF-CD90912EE329}.Debug|Any CPU.ActiveCfg = Debug|Any CPU
		{BBC03D3C-7A9E-492B-BECF-CD90912EE329}.Debug|Any CPU.Build.0 = Debug|Any CPU
		{BBC03D3C-7A9E-492B-BECF-CD90912EE329}.Release|Any CPU.ActiveCfg = Release|Any CPU
		{BBC03D3C-7A9E-492B-BECF-CD90912EE329}.Release|Any CPU.Build.0 = Release|Any CPU
		{55AFBCB6-97FB-4966-9258-50371903F3BF}.Debug|Any CPU.ActiveCfg = Debug|Any CPU
		{55AFBCB6-97FB-4966-9258-50371903F3BF}.Debug|Any CPU.Build.0 = Debug|Any CPU
		{55AFBCB6-97FB-4966-9258-50371903F3BF}.Release|Any CPU.ActiveCfg = Release|Any CPU
		{55AFBCB6-97FB-4966-9258-50371903F3BF}.Release|Any CPU.Build.0 = Release|Any CPU
		{3BA21569-1DA3-41BA-AF87-D7D849917D4F}.Debug|Any CPU.ActiveCfg = Debug|Any CPU
		{3BA21569-1DA3-41BA-AF87-D7D849917D4F}.Debug|Any CPU.Build.0 = Debug|Any CPU
		{3BA21569-1DA3-41BA-AF87-D7D849917D4F}.Release|Any CPU.ActiveCfg = Release|Any CPU
		{3BA21569-1DA3-41BA-AF87-D7D849917D4F}.Release|Any CPU.Build.0 = Release|Any CPU
		{A0DB1403-4246-4FE9-BBE3-FBBA8D7709FF}.Debug|Any CPU.ActiveCfg = Debug|Any CPU
		{A0DB1403-4246-4FE9-BBE3-FBBA8D7709FF}.Debug|Any CPU.Build.0 = Debug|Any CPU
		{A0DB1403-4246-4FE9-BBE3-FBBA8D7709FF}.Release|Any CPU.ActiveCfg = Release|Any CPU
		{A0DB1403-4246-4FE9-BBE3-FBBA8D7709FF}.Release|Any CPU.Build.0 = Release|Any CPU
		{78D8A1DF-71DC-42BA-866F-A513A641B307}.Debug|Any CPU.ActiveCfg = Debug|Any CPU
		{78D8A1DF-71DC-42BA-866F-A513A641B307}.Debug|Any CPU.Build.0 = Debug|Any CPU
		{78D8A1DF-71DC-42BA-866F-A513A641B307}.Release|Any CPU.ActiveCfg = Release|Any CPU
		{78D8A1DF-71DC-42BA-866F-A513A641B307}.Release|Any CPU.Build.0 = Release|Any CPU
		{C4F45396-9A0A-48DB-8980-0991500EB75B}.Debug|Any CPU.ActiveCfg = Debug|Any CPU
		{C4F45396-9A0A-48DB-8980-0991500EB75B}.Debug|Any CPU.Build.0 = Debug|Any CPU
		{C4F45396-9A0A-48DB-8980-0991500EB75B}.Release|Any CPU.ActiveCfg = Release|Any CPU
		{C4F45396-9A0A-48DB-8980-0991500EB75B}.Release|Any CPU.Build.0 = Release|Any CPU
		{6FC700C2-7CCA-4108-929E-8D46296FA0BE}.Debug|Any CPU.ActiveCfg = Debug|Any CPU
		{6FC700C2-7CCA-4108-929E-8D46296FA0BE}.Debug|Any CPU.Build.0 = Debug|Any CPU
		{6FC700C2-7CCA-4108-929E-8D46296FA0BE}.Release|Any CPU.ActiveCfg = Release|Any CPU
		{6FC700C2-7CCA-4108-929E-8D46296FA0BE}.Release|Any CPU.Build.0 = Release|Any CPU
		{41BA9882-2397-47BC-94B7-A38DAE7AC223}.Debug|Any CPU.ActiveCfg = Debug|Any CPU
		{41BA9882-2397-47BC-94B7-A38DAE7AC223}.Debug|Any CPU.Build.0 = Debug|Any CPU
		{41BA9882-2397-47BC-94B7-A38DAE7AC223}.Release|Any CPU.ActiveCfg = Release|Any CPU
		{41BA9882-2397-47BC-94B7-A38DAE7AC223}.Release|Any CPU.Build.0 = Release|Any CPU
		{22695CA8-5172-4105-821E-9ADD77C3C376}.Debug|Any CPU.ActiveCfg = Debug|Any CPU
		{22695CA8-5172-4105-821E-9ADD77C3C376}.Debug|Any CPU.Build.0 = Debug|Any CPU
		{22695CA8-5172-4105-821E-9ADD77C3C376}.Release|Any CPU.ActiveCfg = Release|Any CPU
		{22695CA8-5172-4105-821E-9ADD77C3C376}.Release|Any CPU.Build.0 = Release|Any CPU
		{74B790B6-EA9A-43E5-8F35-5786DD03CD79}.Debug|Any CPU.ActiveCfg = Debug|Any CPU
		{74B790B6-EA9A-43E5-8F35-5786DD03CD79}.Debug|Any CPU.Build.0 = Debug|Any CPU
		{74B790B6-EA9A-43E5-8F35-5786DD03CD79}.Release|Any CPU.ActiveCfg = Release|Any CPU
		{74B790B6-EA9A-43E5-8F35-5786DD03CD79}.Release|Any CPU.Build.0 = Release|Any CPU
		{86902DB0-A4B8-493B-8EB9-B47998CEB26C}.Debug|Any CPU.ActiveCfg = Debug|Any CPU
		{86902DB0-A4B8-493B-8EB9-B47998CEB26C}.Debug|Any CPU.Build.0 = Debug|Any CPU
		{86902DB0-A4B8-493B-8EB9-B47998CEB26C}.Release|Any CPU.ActiveCfg = Release|Any CPU
		{86902DB0-A4B8-493B-8EB9-B47998CEB26C}.Release|Any CPU.Build.0 = Release|Any CPU
		{57A7953D-07F9-4081-880E-71706A38B0F6}.Debug|Any CPU.ActiveCfg = Debug|Any CPU
		{57A7953D-07F9-4081-880E-71706A38B0F6}.Debug|Any CPU.Build.0 = Debug|Any CPU
		{57A7953D-07F9-4081-880E-71706A38B0F6}.Release|Any CPU.ActiveCfg = Release|Any CPU
		{57A7953D-07F9-4081-880E-71706A38B0F6}.Release|Any CPU.Build.0 = Release|Any CPU
		{27DE033D-0C10-46BA-A839-59D31156E43F}.Debug|Any CPU.ActiveCfg = Debug|Any CPU
		{27DE033D-0C10-46BA-A839-59D31156E43F}.Debug|Any CPU.Build.0 = Debug|Any CPU
		{27DE033D-0C10-46BA-A839-59D31156E43F}.Release|Any CPU.ActiveCfg = Release|Any CPU
		{27DE033D-0C10-46BA-A839-59D31156E43F}.Release|Any CPU.Build.0 = Release|Any CPU
		{EDDC346C-FD89-42DC-A3CF-F64855EB29E2}.Debug|Any CPU.ActiveCfg = Debug|Any CPU
		{EDDC346C-FD89-42DC-A3CF-F64855EB29E2}.Debug|Any CPU.Build.0 = Debug|Any CPU
		{EDDC346C-FD89-42DC-A3CF-F64855EB29E2}.Release|Any CPU.ActiveCfg = Release|Any CPU
		{EDDC346C-FD89-42DC-A3CF-F64855EB29E2}.Release|Any CPU.Build.0 = Release|Any CPU
		{D93B7FE4-A4A6-4439-AC40-3DA08B8B4CC3}.Debug|Any CPU.ActiveCfg = Debug|Any CPU
		{D93B7FE4-A4A6-4439-AC40-3DA08B8B4CC3}.Debug|Any CPU.Build.0 = Debug|Any CPU
		{D93B7FE4-A4A6-4439-AC40-3DA08B8B4CC3}.Release|Any CPU.ActiveCfg = Release|Any CPU
		{D93B7FE4-A4A6-4439-AC40-3DA08B8B4CC3}.Release|Any CPU.Build.0 = Release|Any CPU
		{1CF8A018-6904-43A1-A9D3-31FFBEED6D7F}.Debug|Any CPU.ActiveCfg = Debug|Any CPU
		{1CF8A018-6904-43A1-A9D3-31FFBEED6D7F}.Debug|Any CPU.Build.0 = Debug|Any CPU
		{1CF8A018-6904-43A1-A9D3-31FFBEED6D7F}.Release|Any CPU.ActiveCfg = Release|Any CPU
		{1CF8A018-6904-43A1-A9D3-31FFBEED6D7F}.Release|Any CPU.Build.0 = Release|Any CPU
		{320B1378-6BEC-426B-B95F-769425164ED3}.Debug|Any CPU.ActiveCfg = Debug|Any CPU
		{320B1378-6BEC-426B-B95F-769425164ED3}.Debug|Any CPU.Build.0 = Debug|Any CPU
		{320B1378-6BEC-426B-B95F-769425164ED3}.Release|Any CPU.ActiveCfg = Release|Any CPU
		{320B1378-6BEC-426B-B95F-769425164ED3}.Release|Any CPU.Build.0 = Release|Any CPU
		{0D65999D-38BC-41AE-A8C6-606BE1CCD03E}.Debug|Any CPU.ActiveCfg = Debug|Any CPU
		{0D65999D-38BC-41AE-A8C6-606BE1CCD03E}.Debug|Any CPU.Build.0 = Debug|Any CPU
		{0D65999D-38BC-41AE-A8C6-606BE1CCD03E}.Release|Any CPU.ActiveCfg = Release|Any CPU
		{0D65999D-38BC-41AE-A8C6-606BE1CCD03E}.Release|Any CPU.Build.0 = Release|Any CPU
		{51DC8139-79A8-477E-8D2A-D29904436121}.Debug|Any CPU.ActiveCfg = Debug|Any CPU
		{51DC8139-79A8-477E-8D2A-D29904436121}.Debug|Any CPU.Build.0 = Debug|Any CPU
		{51DC8139-79A8-477E-8D2A-D29904436121}.Release|Any CPU.ActiveCfg = Release|Any CPU
		{51DC8139-79A8-477E-8D2A-D29904436121}.Release|Any CPU.Build.0 = Release|Any CPU
		{DB4D327A-5E63-4E46-BF2A-737865AF05B3}.Debug|Any CPU.ActiveCfg = Debug|Any CPU
		{DB4D327A-5E63-4E46-BF2A-737865AF05B3}.Debug|Any CPU.Build.0 = Debug|Any CPU
		{DB4D327A-5E63-4E46-BF2A-737865AF05B3}.Release|Any CPU.ActiveCfg = Release|Any CPU
		{DB4D327A-5E63-4E46-BF2A-737865AF05B3}.Release|Any CPU.Build.0 = Release|Any CPU
	EndGlobalSection
	GlobalSection(SolutionProperties) = preSolution
		HideSolutionNode = FALSE
	EndGlobalSection
	GlobalSection(NestedProjects) = preSolution
		{C8F16FE4-34DC-45EC-98BD-912D1FD2E35A} = {071AFE76-6A5A-4E62-8EC3-C44BCF66A001}
		{509D407A-B337-44E0-95AB-ED23B4703728} = {071AFE76-6A5A-4E62-8EC3-C44BCF66A001}
		{BBC03D3C-7A9E-492B-BECF-CD90912EE329} = {071AFE76-6A5A-4E62-8EC3-C44BCF66A001}
		{55AFBCB6-97FB-4966-9258-50371903F3BF} = {071AFE76-6A5A-4E62-8EC3-C44BCF66A001}
		{3BA21569-1DA3-41BA-AF87-D7D849917D4F} = {071AFE76-6A5A-4E62-8EC3-C44BCF66A001}
		{A0DB1403-4246-4FE9-BBE3-FBBA8D7709FF} = {251DC7F1-D34A-44A5-AD6C-721D51E4E6DC}
		{78D8A1DF-71DC-42BA-866F-A513A641B307} = {251DC7F1-D34A-44A5-AD6C-721D51E4E6DC}
		{C4F45396-9A0A-48DB-8980-0991500EB75B} = {251DC7F1-D34A-44A5-AD6C-721D51E4E6DC}
		{6FC700C2-7CCA-4108-929E-8D46296FA0BE} = {251DC7F1-D34A-44A5-AD6C-721D51E4E6DC}
		{41BA9882-2397-47BC-94B7-A38DAE7AC223} = {251DC7F1-D34A-44A5-AD6C-721D51E4E6DC}
		{22695CA8-5172-4105-821E-9ADD77C3C376} = {251DC7F1-D34A-44A5-AD6C-721D51E4E6DC}
		{74B790B6-EA9A-43E5-8F35-5786DD03CD79} = {251DC7F1-D34A-44A5-AD6C-721D51E4E6DC}
		{86902DB0-A4B8-493B-8EB9-B47998CEB26C} = {3FEFD818-82FE-449C-8889-9623A9AE9A2B}
		{57A7953D-07F9-4081-880E-71706A38B0F6} = {3FEFD818-82FE-449C-8889-9623A9AE9A2B}
		{27DE033D-0C10-46BA-A839-59D31156E43F} = {3FEFD818-82FE-449C-8889-9623A9AE9A2B}
		{EDDC346C-FD89-42DC-A3CF-F64855EB29E2} = {3FEFD818-82FE-449C-8889-9623A9AE9A2B}
		{D93B7FE4-A4A6-4439-AC40-3DA08B8B4CC3} = {3FEFD818-82FE-449C-8889-9623A9AE9A2B}
		{1CF8A018-6904-43A1-A9D3-31FFBEED6D7F} = {3FEFD818-82FE-449C-8889-9623A9AE9A2B}
		{320B1378-6BEC-426B-B95F-769425164ED3} = {3FEFD818-82FE-449C-8889-9623A9AE9A2B}
		{0D65999D-38BC-41AE-A8C6-606BE1CCD03E} = {3FEFD818-82FE-449C-8889-9623A9AE9A2B}
		{51DC8139-79A8-477E-8D2A-D29904436121} = {3FEFD818-82FE-449C-8889-9623A9AE9A2B}
		{DB4D327A-5E63-4E46-BF2A-737865AF05B3} = {3FEFD818-82FE-449C-8889-9623A9AE9A2B}
	EndGlobalSection
	GlobalSection(ExtensibilityGlobals) = postSolution
		SolutionGuid = {DCB269A1-D89D-47B8-9EC3-F1EB01B87A5F}
	EndGlobalSection
EndGlobal
